
Microsoft Visual Studio Solution File, Format Version 12.00
# Visual Studio Version 17
VisualStudioVersion = 17.0.31612.314
MinimumVisualStudioVersion = 10.0.40219.1
Project("{2150E333-8FDC-42A3-9474-1A3956D46DE8}") = "services", "services", "{D987A751-B203-4E0D-B922-56BB64A7B104}"
EndProject
Project("{2150E333-8FDC-42A3-9474-1A3956D46DE8}") = "catalog", "catalog", "{242E4CC5-2D38-45DE-A732-9117D5B89908}"
EndProject
Project("{9A19103F-16F7-4668-BE54-9A1E7A4F7556}") = "catalog.api", "services\catalog\catalog.api\catalog.api.csproj", "{69666306-2BAD-4CC1-866D-69B154B29B12}"
EndProject
Project("{E53339B2-1760-4266-BCC7-CA923CBCF16C}") = "docker-compose", "docker-compose.dcproj", "{5E00D073-132F-4373-B900-F650F1C17561}"
EndProject
Project("{2150E333-8FDC-42A3-9474-1A3956D46DE8}") = "basket", "basket", "{752025A2-81F6-4932-9A43-F197863B9F0A}"
EndProject
Project("{9A19103F-16F7-4668-BE54-9A1E7A4F7556}") = "basket.api", "services\basket\basket.api\basket.api.csproj", "{2493A980-34A2-481C-A53B-2A75CA7E5CCF}"
EndProject
Project("{2150E333-8FDC-42A3-9474-1A3956D46DE8}") = "discount", "discount", "{74EA1171-282C-4963-986D-D4EDAC3DDBB8}"
EndProject
Project("{9A19103F-16F7-4668-BE54-9A1E7A4F7556}") = "discount.api", "services\discount\discount.api\discount.api.csproj", "{AB388D13-8835-47A3-9E04-89B2320A9C66}"
EndProject
Project("{9A19103F-16F7-4668-BE54-9A1E7A4F7556}") = "discount.grpc", "services\discount\discount.grpc\discount.grpc.csproj", "{E28DA248-D087-4B24-9380-0BB6744C624C}"
EndProject
Global
	GlobalSection(SolutionConfigurationPlatforms) = preSolution
		Debug|Any CPU = Debug|Any CPU
		Release|Any CPU = Release|Any CPU
	EndGlobalSection
	GlobalSection(ProjectConfigurationPlatforms) = postSolution
		{69666306-2BAD-4CC1-866D-69B154B29B12}.Debug|Any CPU.ActiveCfg = Debug|Any CPU
		{69666306-2BAD-4CC1-866D-69B154B29B12}.Debug|Any CPU.Build.0 = Debug|Any CPU
		{69666306-2BAD-4CC1-866D-69B154B29B12}.Release|Any CPU.ActiveCfg = Release|Any CPU
		{69666306-2BAD-4CC1-866D-69B154B29B12}.Release|Any CPU.Build.0 = Release|Any CPU
		{5E00D073-132F-4373-B900-F650F1C17561}.Debug|Any CPU.ActiveCfg = Debug|Any CPU
		{5E00D073-132F-4373-B900-F650F1C17561}.Debug|Any CPU.Build.0 = Debug|Any CPU
		{5E00D073-132F-4373-B900-F650F1C17561}.Release|Any CPU.ActiveCfg = Release|Any CPU
		{5E00D073-132F-4373-B900-F650F1C17561}.Release|Any CPU.Build.0 = Release|Any CPU
		{2493A980-34A2-481C-A53B-2A75CA7E5CCF}.Debug|Any CPU.ActiveCfg = Debug|Any CPU
		{2493A980-34A2-481C-A53B-2A75CA7E5CCF}.Debug|Any CPU.Build.0 = Debug|Any CPU
		{2493A980-34A2-481C-A53B-2A75CA7E5CCF}.Release|Any CPU.ActiveCfg = Release|Any CPU
		{2493A980-34A2-481C-A53B-2A75CA7E5CCF}.Release|Any CPU.Build.0 = Release|Any CPU
		{AB388D13-8835-47A3-9E04-89B2320A9C66}.Debug|Any CPU.ActiveCfg = Debug|Any CPU
		{AB388D13-8835-47A3-9E04-89B2320A9C66}.Debug|Any CPU.Build.0 = Debug|Any CPU
		{AB388D13-8835-47A3-9E04-89B2320A9C66}.Release|Any CPU.ActiveCfg = Release|Any CPU
		{AB388D13-8835-47A3-9E04-89B2320A9C66}.Release|Any CPU.Build.0 = Release|Any CPU
		{E28DA248-D087-4B24-9380-0BB6744C624C}.Debug|Any CPU.ActiveCfg = Debug|Any CPU
		{E28DA248-D087-4B24-9380-0BB6744C624C}.Debug|Any CPU.Build.0 = Debug|Any CPU
		{E28DA248-D087-4B24-9380-0BB6744C624C}.Release|Any CPU.ActiveCfg = Release|Any CPU
		{E28DA248-D087-4B24-9380-0BB6744C624C}.Release|Any CPU.Build.0 = Release|Any CPU
	EndGlobalSection
	GlobalSection(SolutionProperties) = preSolution
		HideSolutionNode = FALSE
	EndGlobalSection
	GlobalSection(NestedProjects) = preSolution
		{242E4CC5-2D38-45DE-A732-9117D5B89908} = {D987A751-B203-4E0D-B922-56BB64A7B104}
		{69666306-2BAD-4CC1-866D-69B154B29B12} = {242E4CC5-2D38-45DE-A732-9117D5B89908}
		{752025A2-81F6-4932-9A43-F197863B9F0A} = {D987A751-B203-4E0D-B922-56BB64A7B104}
		{2493A980-34A2-481C-A53B-2A75CA7E5CCF} = {752025A2-81F6-4932-9A43-F197863B9F0A}
		{74EA1171-282C-4963-986D-D4EDAC3DDBB8} = {D987A751-B203-4E0D-B922-56BB64A7B104}
		{AB388D13-8835-47A3-9E04-89B2320A9C66} = {74EA1171-282C-4963-986D-D4EDAC3DDBB8}
		{E28DA248-D087-4B24-9380-0BB6744C624C} = {74EA1171-282C-4963-986D-D4EDAC3DDBB8}
	EndGlobalSection
	GlobalSection(ExtensibilityGlobals) = postSolution
		SolutionGuid = {6221B058-00EF-459A-9F4A-8F6B0955E2E1}
	EndGlobalSection
EndGlobal
